# This file is automatically @generated by Cargo.
# It is not intended for manual editing.
version = 3

[[package]]
name = "indoc"
version = "2.0.2"
source = "registry+https://github.com/rust-lang/crates.io-index"
checksum = "761cde40c27e2a9877f8c928fd248b7eec9dd48623dd514b256858ca593fbba7"

[[package]]
name = "interpret-deez"
version = "0.1.0"
dependencies = [
 "indoc",
]
